// !$*UTF8*$!
{
	archiveVersion = 1;
	classes = {
	};
	objectVersion = 55;
	objects = {

/* Begin PBXBuildFile section */
		FB832C5D290065AB00F34DB8 /* ColectionView.swift in Sources */ = {isa = PBXBuildFile; fileRef = FB832C5C290065AB00F34DB8 /* ColectionView.swift */; };
		FBCC02C128F7301E00A9EA9D /* AppMarcoRetoApp.swift in Sources */ = {isa = PBXBuildFile; fileRef = FBCC02C028F7301E00A9EA9D /* AppMarcoRetoApp.swift */; };
		FBCC02C328F7301E00A9EA9D /* ContentView.swift in Sources */ = {isa = PBXBuildFile; fileRef = FBCC02C228F7301E00A9EA9D /* ContentView.swift */; };
		FBCC02C528F7302000A9EA9D /* Assets.xcassets in Resources */ = {isa = PBXBuildFile; fileRef = FBCC02C428F7302000A9EA9D /* Assets.xcassets */; };
		FBCC02C828F7302000A9EA9D /* Preview Assets.xcassets in Resources */ = {isa = PBXBuildFile; fileRef = FBCC02C728F7302000A9EA9D /* Preview Assets.xcassets */; };
		FBCC02CF28F7340100A9EA9D /* ActividadView.swift in Sources */ = {isa = PBXBuildFile; fileRef = FBCC02CE28F7340100A9EA9D /* ActividadView.swift */; };
		FBCC02D128F734A900A9EA9D /* HomeView.swift in Sources */ = {isa = PBXBuildFile; fileRef = FBCC02D028F734A900A9EA9D /* HomeView.swift */; };
		FBCC02D328F734BF00A9EA9D /* ExposView.swift in Sources */ = {isa = PBXBuildFile; fileRef = FBCC02D228F734BF00A9EA9D /* ExposView.swift */; };
		FBCC02D528F734C700A9EA9D /* EventosView.swift in Sources */ = {isa = PBXBuildFile; fileRef = FBCC02D428F734C700A9EA9D /* EventosView.swift */; };
		FBCC02D728F734D200A9EA9D /* ScanView.swift in Sources */ = {isa = PBXBuildFile; fileRef = FBCC02D628F734D200A9EA9D /* ScanView.swift */; };
/* End PBXBuildFile section */

/* Begin PBXFileReference section */
		FB832C5C290065AB00F34DB8 /* ColectionView.swift */ = {isa = PBXFileReference; lastKnownFileType = sourcecode.swift; path = ColectionView.swift; sourceTree = "<group>"; };
		FBCC02BD28F7301E00A9EA9D /* AppMarcoReto.app */ = {isa = PBXFileReference; explicitFileType = wrapper.application; includeInIndex = 0; path = AppMarcoReto.app; sourceTree = BUILT_PRODUCTS_DIR; };
		FBCC02C028F7301E00A9EA9D /* AppMarcoRetoApp.swift */ = {isa = PBXFileReference; lastKnownFileType = sourcecode.swift; path = AppMarcoRetoApp.swift; sourceTree = "<group>"; };
		FBCC02C228F7301E00A9EA9D /* ContentView.swift */ = {isa = PBXFileReference; lastKnownFileType = sourcecode.swift; path = ContentView.swift; sourceTree = "<group>"; };
		FBCC02C428F7302000A9EA9D /* Assets.xcassets */ = {isa = PBXFileReference; lastKnownFileType = folder.assetcatalog; path = Assets.xcassets; sourceTree = "<group>"; };
		FBCC02C728F7302000A9EA9D /* Preview Assets.xcassets */ = {isa = PBXFileReference; lastKnownFileType = folder.assetcatalog; path = "Preview Assets.xcassets"; sourceTree = "<group>"; };
		FBCC02CE28F7340100A9EA9D /* ActividadView.swift */ = {isa = PBXFileReference; lastKnownFileType = sourcecode.swift; path = ActividadView.swift; sourceTree = "<group>"; };
		FBCC02D028F734A900A9EA9D /* HomeView.swift */ = {isa = PBXFileReference; lastKnownFileType = sourcecode.swift; path = HomeView.swift; sourceTree = "<group>"; };
		FBCC02D228F734BF00A9EA9D /* ExposView.swift */ = {isa = PBXFileReference; lastKnownFileType = sourcecode.swift; path = ExposView.swift; sourceTree = "<group>"; };
		FBCC02D428F734C700A9EA9D /* EventosView.swift */ = {isa = PBXFileReference; lastKnownFileType = sourcecode.swift; path = EventosView.swift; sourceTree = "<group>"; };
		FBCC02D628F734D200A9EA9D /* ScanView.swift */ = {isa = PBXFileReference; lastKnownFileType = sourcecode.swift; path = ScanView.swift; sourceTree = "<group>"; };
/* End PBXFileReference section */

/* Begin PBXFrameworksBuildPhase section */
		FBCC02BA28F7301E00A9EA9D /* Frameworks */ = {
			isa = PBXFrameworksBuildPhase;
			buildActionMask = 2147483647;
			files = (
			);
			runOnlyForDeploymentPostprocessing = 0;
		};
/* End PBXFrameworksBuildPhase section */

/* Begin PBXGroup section */
		FBCC02B428F7301E00A9EA9D = {
			isa = PBXGroup;
			children = (
				FBCC02BF28F7301E00A9EA9D /* AppMarcoReto */,
				FBCC02BE28F7301E00A9EA9D /* Products */,
			);
			sourceTree = "<group>";
		};
		FBCC02BE28F7301E00A9EA9D /* Products */ = {
			isa = PBXGroup;
			children = (
				FBCC02BD28F7301E00A9EA9D /* AppMarcoReto.app */,
			);
			name = Products;
			sourceTree = "<group>";
		};
		FBCC02BF28F7301E00A9EA9D /* AppMarcoReto */ = {
			isa = PBXGroup;
			children = (
				FBCC02C028F7301E00A9EA9D /* AppMarcoRetoApp.swift */,
				FBCC02C228F7301E00A9EA9D /* ContentView.swift */,
				FBCC02D028F734A900A9EA9D /* HomeView.swift */,
				FB832C5C290065AB00F34DB8 /* ColectionView.swift */,
				FBCC02D228F734BF00A9EA9D /* ExposView.swift */,
				FBCC02D428F734C700A9EA9D /* EventosView.swift */,
				FBCC02D628F734D200A9EA9D /* ScanView.swift */,
				FBCC02CE28F7340100A9EA9D /* ActividadView.swift */,
				FBCC02C428F7302000A9EA9D /* Assets.xcassets */,
				FBCC02C628F7302000A9EA9D /* Preview Content */,
			);
			path = AppMarcoReto;
			sourceTree = "<group>";
		};
		FBCC02C628F7302000A9EA9D /* Preview Content */ = {
			isa = PBXGroup;
			children = (
				FBCC02C728F7302000A9EA9D /* Preview Assets.xcassets */,
			);
			path = "Preview Content";
			sourceTree = "<group>";
		};
/* End PBXGroup section */

/* Begin PBXNativeTarget section */
		FBCC02BC28F7301E00A9EA9D /* AppMarcoReto */ = {
			isa = PBXNativeTarget;
			buildConfigurationList = FBCC02CB28F7302000A9EA9D /* Build configuration list for PBXNativeTarget "AppMarcoReto" */;
			buildPhases = (
				FBCC02B928F7301E00A9EA9D /* Sources */,
				FBCC02BA28F7301E00A9EA9D /* Frameworks */,
				FBCC02BB28F7301E00A9EA9D /* Resources */,
			);
			buildRules = (
			);
			dependencies = (
			);
			name = AppMarcoReto;
			productName = AppMarcoReto;
			productReference = FBCC02BD28F7301E00A9EA9D /* AppMarcoReto.app */;
			productType = "com.apple.product-type.application";
		};
/* End PBXNativeTarget section */

/* Begin PBXProject section */
		FBCC02B528F7301E00A9EA9D /* Project object */ = {
			isa = PBXProject;
			attributes = {
				BuildIndependentTargetsInParallel = 1;
				LastSwiftUpdateCheck = 1340;
				LastUpgradeCheck = 1340;
				TargetAttributes = {
					FBCC02BC28F7301E00A9EA9D = {
						CreatedOnToolsVersion = 13.4.1;
					};
				};
			};
			buildConfigurationList = FBCC02B828F7301E00A9EA9D /* Build configuration list for PBXProject "AppMarcoReto" */;
			compatibilityVersion = "Xcode 13.0";
			developmentRegion = en;
			hasScannedForEncodings = 0;
			knownRegions = (
				en,
				Base,
			);
			mainGroup = FBCC02B428F7301E00A9EA9D;
			productRefGroup = FBCC02BE28F7301E00A9EA9D /* Products */;
			projectDirPath = "";
			projectRoot = "";
			targets = (
				FBCC02BC28F7301E00A9EA9D /* AppMarcoReto */,
			);
		};
/* End PBXProject section */

/* Begin PBXResourcesBuildPhase section */
		FBCC02BB28F7301E00A9EA9D /* Resources */ = {
			isa = PBXResourcesBuildPhase;
			buildActionMask = 2147483647;
			files = (
				FBCC02C828F7302000A9EA9D /* Preview Assets.xcassets in Resources */,
				FBCC02C528F7302000A9EA9D /* Assets.xcassets in Resources */,
			);
			runOnlyForDeploymentPostprocessing = 0;
		};
/* End PBXResourcesBuildPhase section */

/* Begin PBXSourcesBuildPhase section */
		FBCC02B928F7301E00A9EA9D /* Sources */ = {
			isa = PBXSourcesBuildPhase;
			buildActionMask = 2147483647;
			files = (
				FBCC02D728F734D200A9EA9D /* ScanView.swift in Sources */,
				FB832C5D290065AB00F34DB8 /* ColectionView.swift in Sources */,
				FBCC02C328F7301E00A9EA9D /* ContentView.swift in Sources */,
				FBCC02D128F734A900A9EA9D /* HomeView.swift in Sources */,
				FBCC02CF28F7340100A9EA9D /* ActividadView.swift in Sources */,
				FBCC02D528F734C700A9EA9D /* EventosView.swift in Sources */,
				FBCC02C128F7301E00A9EA9D /* AppMarcoRetoApp.swift in Sources */,
				FBCC02D328F734BF00A9EA9D /* ExposView.swift in Sources */,
			);
			runOnlyForDeploymentPostprocessing = 0;
		};
/* End PBXSourcesBuildPhase section */

/* Begin XCBuildConfiguration section */
		FBCC02C928F7302000A9EA9D /* Debug */ = {
			isa = XCBuildConfiguration;
			buildSettings = {
				ALWAYS_SEARCH_USER_PATHS = NO;
				CLANG_ANALYZER_NONNULL = YES;
				CLANG_ANALYZER_NUMBER_OBJECT_CONVERSION = YES_AGGRESSIVE;
				CLANG_CXX_LANGUAGE_STANDARD = "gnu++17";
				CLANG_ENABLE_MODULES = YES;
				CLANG_ENABLE_OBJC_ARC = YES;
				CLANG_ENABLE_OBJC_WEAK = YES;
				CLANG_WARN_BLOCK_CAPTURE_AUTORELEASING = YES;
				CLANG_WARN_BOOL_CONVERSION = YES;
				CLANG_WARN_COMMA = YES;
				CLANG_WARN_CONSTANT_CONVERSION = YES;
				CLANG_WARN_DEPRECATED_OBJC_IMPLEMENTATIONS = YES;
				CLANG_WARN_DIRECT_OBJC_ISA_USAGE = YES_ERROR;
				CLANG_WARN_DOCUMENTATION_COMMENTS = YES;
				CLANG_WARN_EMPTY_BODY = YES;
				CLANG_WARN_ENUM_CONVERSION = YES;
				CLANG_WARN_INFINITE_RECURSION = YES;
				CLANG_WARN_INT_CONVERSION = YES;
				CLANG_WARN_NON_LITERAL_NULL_CONVERSION = YES;
				CLANG_WARN_OBJC_IMPLICIT_RETAIN_SELF = YES;
				CLANG_WARN_OBJC_LITERAL_CONVERSION = YES;
				CLANG_WARN_OBJC_ROOT_CLASS = YES_ERROR;
				CLANG_WARN_QUOTED_INCLUDE_IN_FRAMEWORK_HEADER = YES;
				CLANG_WARN_RANGE_LOOP_ANALYSIS = YES;
				CLANG_WARN_STRICT_PROTOTYPES = YES;
				CLANG_WARN_SUSPICIOUS_MOVE = YES;
				CLANG_WARN_UNGUARDED_AVAILABILITY = YES_AGGRESSIVE;
				CLANG_WARN_UNREACHABLE_CODE = YES;
				CLANG_WARN__DUPLICATE_METHOD_MATCH = YES;
				COPY_PHASE_STRIP = NO;
				DEBUG_INFORMATION_FORMAT = dwarf;
				ENABLE_STRICT_OBJC_MSGSEND = YES;
				ENABLE_TESTABILITY = YES;
				GCC_C_LANGUAGE_STANDARD = gnu11;
				GCC_DYNAMIC_NO_PIC = NO;
				GCC_NO_COMMON_BLOCKS = YES;
				GCC_OPTIMIZATION_LEVEL = 0;
				GCC_PREPROCESSOR_DEFINITIONS = (
					"DEBUG=1",
					"$(inherited)",
				);
				GCC_WARN_64_TO_32_BIT_CONVERSION = YES;
				GCC_WARN_ABOUT_RETURN_TYPE = YES_ERROR;
				GCC_WARN_UNDECLARED_SELECTOR = YES;
				GCC_WARN_UNINITIALIZED_AUTOS = YES_AGGRESSIVE;
				GCC_WARN_UNUSED_FUNCTION = YES;
				GCC_WARN_UNUSED_VARIABLE = YES;
				IPHONEOS_DEPLOYMENT_TARGET = 15.5;
				MTL_ENABLE_DEBUG_INFO = INCLUDE_SOURCE;
				MTL_FAST_MATH = YES;
				ONLY_ACTIVE_ARCH = YES;
				SDKROOT = iphoneos;
				SWIFT_ACTIVE_COMPILATION_CONDITIONS = DEBUG;
				SWIFT_OPTIMIZATION_LEVEL = "-Onone";
			};
			name = Debug;
		};
		FBCC02CA28F7302000A9EA9D /* Release */ = {
			isa = XCBuildConfiguration;
			buildSettings = {
				ALWAYS_SEARCH_USER_PATHS = NO;
				CLANG_ANALYZER_NONNULL = YES;
				CLANG_ANALYZER_NUMBER_OBJECT_CONVERSION = YES_AGGRESSIVE;
				CLANG_CXX_LANGUAGE_STANDARD = "gnu++17";
				CLANG_ENABLE_MODULES = YES;
				CLANG_ENABLE_OBJC_ARC = YES;
				CLANG_ENABLE_OBJC_WEAK = YES;
				CLANG_WARN_BLOCK_CAPTURE_AUTORELEASING = YES;
				CLANG_WARN_BOOL_CONVERSION = YES;
				CLANG_WARN_COMMA = YES;
				CLANG_WARN_CONSTANT_CONVERSION = YES;
				CLANG_WARN_DEPRECATED_OBJC_IMPLEMENTATIONS = YES;
				CLANG_WARN_DIRECT_OBJC_ISA_USAGE = YES_ERROR;
				CLANG_WARN_DOCUMENTATION_COMMENTS = YES;
				CLANG_WARN_EMPTY_BODY = YES;
				CLANG_WARN_ENUM_CONVERSION = YES;
				CLANG_WARN_INFINITE_RECURSION = YES;
				CLANG_WARN_INT_CONVERSION = YES;
				CLANG_WARN_NON_LITERAL_NULL_CONVERSION = YES;
				CLANG_WARN_OBJC_IMPLICIT_RETAIN_SELF = YES;
				CLANG_WARN_OBJC_LITERAL_CONVERSION = YES;
				CLANG_WARN_OBJC_ROOT_CLASS = YES_ERROR;
				CLANG_WARN_QUOTED_INCLUDE_IN_FRAMEWORK_HEADER = YES;
				CLANG_WARN_RANGE_LOOP_ANALYSIS = YES;
				CLANG_WARN_STRICT_PROTOTYPES = YES;
				CLANG_WARN_SUSPICIOUS_MOVE = YES;
				CLANG_WARN_UNGUARDED_AVAILABILITY = YES_AGGRESSIVE;
				CLANG_WARN_UNREACHABLE_CODE = YES;
				CLANG_WARN__DUPLICATE_METHOD_MATCH = YES;
				COPY_PHASE_STRIP = NO;
				DEBUG_INFORMATION_FORMAT = "dwarf-with-dsym";
				ENABLE_NS_ASSERTIONS = NO;
				ENABLE_STRICT_OBJC_MSGSEND = YES;
				GCC_C_LANGUAGE_STANDARD = gnu11;
				GCC_NO_COMMON_BLOCKS = YES;
				GCC_WARN_64_TO_32_BIT_CONVERSION = YES;
				GCC_WARN_ABOUT_RETURN_TYPE = YES_ERROR;
				GCC_WARN_UNDECLARED_SELECTOR = YES;
				GCC_WARN_UNINITIALIZED_AUTOS = YES_AGGRESSIVE;
				GCC_WARN_UNUSED_FUNCTION = YES;
				GCC_WARN_UNUSED_VARIABLE = YES;
				IPHONEOS_DEPLOYMENT_TARGET = 15.5;
				MTL_ENABLE_DEBUG_INFO = NO;
				MTL_FAST_MATH = YES;
				SDKROOT = iphoneos;
				SWIFT_COMPILATION_MODE = wholemodule;
				SWIFT_OPTIMIZATION_LEVEL = "-O";
				VALIDATE_PRODUCT = YES;
			};
			name = Release;
		};
		FBCC02CC28F7302000A9EA9D /* Debug */ = {
			isa = XCBuildConfiguration;
			buildSettings = {
				ASSETCATALOG_COMPILER_APPICON_NAME = AppIcon;
				ASSETCATALOG_COMPILER_GLOBAL_ACCENT_COLOR_NAME = AccentColor;
				CODE_SIGN_STYLE = Automatic;
				CURRENT_PROJECT_VERSION = 1;
				DEVELOPMENT_ASSET_PATHS = "\"AppMarcoReto/Preview Content\"";
				ENABLE_PREVIEWS = YES;
				GENERATE_INFOPLIST_FILE = YES;
				INFOPLIST_KEY_UIApplicationSceneManifest_Generation = YES;
				INFOPLIST_KEY_UIApplicationSupportsIndirectInputEvents = YES;
				INFOPLIST_KEY_UILaunchScreen_Generation = YES;
				INFOPLIST_KEY_UISupportedInterfaceOrientations_iPad = "UIInterfaceOrientationPortrait UIInterfaceOrientationPortraitUpsideDown UIInterfaceOrientationLandscapeLeft UIInterfaceOrientationLandscapeRight";
				INFOPLIST_KEY_UISupportedInterfaceOrientations_iPhone = "UIInterfaceOrientationPortrait UIInterfaceOrientationLandscapeLeft UIInterfaceOrientationLandscapeRight";
				IPHONEOS_DEPLOYMENT_TARGET = 15.2;
				LD_RUNPATH_SEARCH_PATHS = (
					"$(inherited)",
					"@executable_path/Frameworks",
				);
				MARKETING_VERSION = 1.0;
				PRODUCT_BUNDLE_IDENTIFIER = com.Equipo2.AppMarcoReto;
				PRODUCT_NAME = "$(TARGET_NAME)";
				SWIFT_EMIT_LOC_STRINGS = YES;
				SWIFT_VERSION = 5.0;
				TARGETED_DEVICE_FAMILY = "1,2";
			};
			name = Debug;
		};
		FBCC02CD28F7302000A9EA9D /* Release */ = {
			isa = XCBuildConfiguration;
			buildSettings = {
				ASSETCATALOG_COMPILER_APPICON_NAME = AppIcon;
				ASSETCATALOG_COMPILER_GLOBAL_ACCENT_COLOR_NAME = AccentColor;
				CODE_SIGN_STYLE = Automatic;
				CURRENT_PROJECT_VERSION = 1;
				DEVELOPMENT_ASSET_PATHS = "\"AppMarcoReto/Preview Content\"";
				ENABLE_PREVIEWS = YES;
				GENERATE_INFOPLIST_FILE = YES;
				INFOPLIST_KEY_UIApplicationSceneManifest_Generation = YES;
				INFOPLIST_KEY_UIApplicationSupportsIndirectInputEvents = YES;
				INFOPLIST_KEY_UILaunchScreen_Generation = YES;
				INFOPLIST_KEY_UISupportedInterfaceOrientations_iPad = "UIInterfaceOrientationPortrait UIInterfaceOrientationPortraitUpsideDown UIInterfaceOrientationLandscapeLeft UIInterfaceOrientationLandscapeRight";
				INFOPLIST_KEY_UISupportedInterfaceOrientations_iPhone = "UIInterfaceOrientationPortrait UIInterfaceOrientationLandscapeLeft UIInterfaceOrientationLandscapeRight";
				IPHONEOS_DEPLOYMENT_TARGET = 15.2;
				LD_RUNPATH_SEARCH_PATHS = (
					"$(inherited)",
					"@executable_path/Frameworks",
				);
				MARKETING_VERSION = 1.0;
				PRODUCT_BUNDLE_IDENTIFIER = com.Equipo2.AppMarcoReto;
				PRODUCT_NAME = "$(TARGET_NAME)";
				SWIFT_EMIT_LOC_STRINGS = YES;
				SWIFT_VERSION = 5.0;
				TARGETED_DEVICE_FAMILY = "1,2";
			};
			name = Release;
		};
/* End XCBuildConfiguration section */

/* Begin XCConfigurationList section */
		FBCC02B828F7301E00A9EA9D /* Build configuration list for PBXProject "AppMarcoReto" */ = {
			isa = XCConfigurationList;
			buildConfigurations = (
				FBCC02C928F7302000A9EA9D /* Debug */,
				FBCC02CA28F7302000A9EA9D /* Release */,
			);
			defaultConfigurationIsVisible = 0;
			defaultConfigurationName = Release;
		};
		FBCC02CB28F7302000A9EA9D /* Build configuration list for PBXNativeTarget "AppMarcoReto" */ = {
			isa = XCConfigurationList;
			buildConfigurations = (
				FBCC02CC28F7302000A9EA9D /* Debug */,
				FBCC02CD28F7302000A9EA9D /* Release */,
			);
			defaultConfigurationIsVisible = 0;
			defaultConfigurationName = Release;
		};
/* End XCConfigurationList section */
	};
	rootObject = FBCC02B528F7301E00A9EA9D /* Project object */;
}
